
Microsoft Visual Studio Solution File, Format Version 12.00
# Visual Studio Version 17
VisualStudioVersion = 17.9.34622.214
MinimumVisualStudioVersion = 10.0.40219.1
Project("{FAE04EC0-301F-11D3-BF4B-00C04F79EFBC}") = "ShowDamage", "ShowDamage.csproj", "{0BFDE283-B0F6-42B9-B0AB-FB24A289868B}"
EndProject
Global
	GlobalSection(SolutionConfigurationPlatforms) = preSolution
		Debug|Any CPU = Debug|Any CPU
		Release|Any CPU = Release|Any CPU
	EndGlobalSection
	GlobalSection(ProjectConfigurationPlatforms) = postSolution
		{0BFDE283-B0F6-42B9-B0AB-FB24A289868B}.Debug|Any CPU.ActiveCfg = Debug|Any CPU
		{0BFDE283-B0F6-42B9-B0AB-FB24A289868B}.Debug|Any CPU.Build.0 = Debug|Any CPU
		{0BFDE283-B0F6-42B9-B0AB-FB24A289868B}.Release|Any CPU.ActiveCfg = Release|Any CPU
		{0BFDE283-B0F6-42B9-B0AB-FB24A289868B}.Release|Any CPU.Build.0 = Release|Any CPU
	EndGlobalSection
	GlobalSection(SolutionProperties) = preSolution
		HideSolutionNode = FALSE
	EndGlobalSection
	GlobalSection(ExtensibilityGlobals) = postSolution
		SolutionGuid = {B462ACBE-24B6-4490-B55F-056457916B71}
	EndGlobalSection
EndGlobal
